// !$*UTF8*$!
{
	archiveVersion = 1;
	classes = {
	};
	objectVersion = 56;
	objects = {

/* Begin PBXBuildFile section */
		CD196A292B6E7AD00071AD72 /* TiktokReplicaApp.swift in Sources */ = {isa = PBXBuildFile; fileRef = CD196A282B6E7AD00071AD72 /* TiktokReplicaApp.swift */; };
		CD196A2B2B6E7AD00071AD72 /* ContentView.swift in Sources */ = {isa = PBXBuildFile; fileRef = CD196A2A2B6E7AD00071AD72 /* ContentView.swift */; };
		CD196A2D2B6E7AD10071AD72 /* Assets.xcassets in Resources */ = {isa = PBXBuildFile; fileRef = CD196A2C2B6E7AD10071AD72 /* Assets.xcassets */; };
		CD196A302B6E7AD10071AD72 /* Preview Assets.xcassets in Resources */ = {isa = PBXBuildFile; fileRef = CD196A2F2B6E7AD10071AD72 /* Preview Assets.xcassets */; };
		CD196A4D2B6E7CB00071AD72 /* MainTabView.swift in Sources */ = {isa = PBXBuildFile; fileRef = CD196A4C2B6E7CB00071AD72 /* MainTabView.swift */; };
		CD196A502B6E81770071AD72 /* FeedView.swift in Sources */ = {isa = PBXBuildFile; fileRef = CD196A4F2B6E81770071AD72 /* FeedView.swift */; };
		CD196A522B6E82C00071AD72 /* FeedCell.swift in Sources */ = {isa = PBXBuildFile; fileRef = CD196A512B6E82C00071AD72 /* FeedCell.swift */; };
		CD196A542B6E87930071AD72 /* ExploreView.swift in Sources */ = {isa = PBXBuildFile; fileRef = CD196A532B6E87930071AD72 /* ExploreView.swift */; };
		CD196A562B6E87A70071AD72 /* UserCell.swift in Sources */ = {isa = PBXBuildFile; fileRef = CD196A552B6E87A70071AD72 /* UserCell.swift */; };
		CD196A582B6E94390071AD72 /* NotificationsView.swift in Sources */ = {isa = PBXBuildFile; fileRef = CD196A572B6E94390071AD72 /* NotificationsView.swift */; };
		CD196A5A2B6E94410071AD72 /* NotificationCell.swift in Sources */ = {isa = PBXBuildFile; fileRef = CD196A592B6E94410071AD72 /* NotificationCell.swift */; };
		CD3BFD9A2B72760100ECC8B2 /* CurrentUserProfileView.swift in Sources */ = {isa = PBXBuildFile; fileRef = CD3BFD992B72760100ECC8B2 /* CurrentUserProfileView.swift */; };
		CD3BFD9C2B72766F00ECC8B2 /* ProfileHeaderView.swift in Sources */ = {isa = PBXBuildFile; fileRef = CD3BFD9B2B72766F00ECC8B2 /* ProfileHeaderView.swift */; };
		CD3BFDA02B72794300ECC8B2 /* UserStatView.swift in Sources */ = {isa = PBXBuildFile; fileRef = CD3BFD9F2B72794300ECC8B2 /* UserStatView.swift */; };
		CD3BFDA22B727B4300ECC8B2 /* PostGridView.swift in Sources */ = {isa = PBXBuildFile; fileRef = CD3BFDA12B727B4300ECC8B2 /* PostGridView.swift */; };
		CD3BFDA42B72814200ECC8B2 /* Post.swift in Sources */ = {isa = PBXBuildFile; fileRef = CD3BFDA32B72814200ECC8B2 /* Post.swift */; };
		CD3BFDA92B7281B300ECC8B2 /* FeedViewModel.swift in Sources */ = {isa = PBXBuildFile; fileRef = CD3BFDA82B7281B300ECC8B2 /* FeedViewModel.swift */; };
		CD3BFDAB2B72867700ECC8B2 /* CustomVideoPlayer.swift in Sources */ = {isa = PBXBuildFile; fileRef = CD3BFDAA2B72867700ECC8B2 /* CustomVideoPlayer.swift */; };
/* End PBXBuildFile section */

/* Begin PBXFileReference section */
		CD196A252B6E7AD00071AD72 /* TiktokReplica.app */ = {isa = PBXFileReference; explicitFileType = wrapper.application; includeInIndex = 0; path = TiktokReplica.app; sourceTree = BUILT_PRODUCTS_DIR; };
		CD196A282B6E7AD00071AD72 /* TiktokReplicaApp.swift */ = {isa = PBXFileReference; lastKnownFileType = sourcecode.swift; path = TiktokReplicaApp.swift; sourceTree = "<group>"; };
		CD196A2A2B6E7AD00071AD72 /* ContentView.swift */ = {isa = PBXFileReference; lastKnownFileType = sourcecode.swift; path = ContentView.swift; sourceTree = "<group>"; };
		CD196A2C2B6E7AD10071AD72 /* Assets.xcassets */ = {isa = PBXFileReference; lastKnownFileType = folder.assetcatalog; path = Assets.xcassets; sourceTree = "<group>"; };
		CD196A2F2B6E7AD10071AD72 /* Preview Assets.xcassets */ = {isa = PBXFileReference; lastKnownFileType = folder.assetcatalog; path = "Preview Assets.xcassets"; sourceTree = "<group>"; };
		CD196A4C2B6E7CB00071AD72 /* MainTabView.swift */ = {isa = PBXFileReference; lastKnownFileType = sourcecode.swift; path = MainTabView.swift; sourceTree = "<group>"; };
		CD196A4F2B6E81770071AD72 /* FeedView.swift */ = {isa = PBXFileReference; lastKnownFileType = sourcecode.swift; path = FeedView.swift; sourceTree = "<group>"; };
		CD196A512B6E82C00071AD72 /* FeedCell.swift */ = {isa = PBXFileReference; lastKnownFileType = sourcecode.swift; path = FeedCell.swift; sourceTree = "<group>"; };
		CD196A532B6E87930071AD72 /* ExploreView.swift */ = {isa = PBXFileReference; lastKnownFileType = sourcecode.swift; path = ExploreView.swift; sourceTree = "<group>"; };
		CD196A552B6E87A70071AD72 /* UserCell.swift */ = {isa = PBXFileReference; lastKnownFileType = sourcecode.swift; path = UserCell.swift; sourceTree = "<group>"; };
		CD196A572B6E94390071AD72 /* NotificationsView.swift */ = {isa = PBXFileReference; lastKnownFileType = sourcecode.swift; path = NotificationsView.swift; sourceTree = "<group>"; };
		CD196A592B6E94410071AD72 /* NotificationCell.swift */ = {isa = PBXFileReference; lastKnownFileType = sourcecode.swift; path = NotificationCell.swift; sourceTree = "<group>"; };
		CD3BFD992B72760100ECC8B2 /* CurrentUserProfileView.swift */ = {isa = PBXFileReference; lastKnownFileType = sourcecode.swift; path = CurrentUserProfileView.swift; sourceTree = "<group>"; };
		CD3BFD9B2B72766F00ECC8B2 /* ProfileHeaderView.swift */ = {isa = PBXFileReference; lastKnownFileType = sourcecode.swift; path = ProfileHeaderView.swift; sourceTree = "<group>"; };
		CD3BFD9F2B72794300ECC8B2 /* UserStatView.swift */ = {isa = PBXFileReference; lastKnownFileType = sourcecode.swift; path = UserStatView.swift; sourceTree = "<group>"; };
		CD3BFDA12B727B4300ECC8B2 /* PostGridView.swift */ = {isa = PBXFileReference; lastKnownFileType = sourcecode.swift; path = PostGridView.swift; sourceTree = "<group>"; };
		CD3BFDA32B72814200ECC8B2 /* Post.swift */ = {isa = PBXFileReference; lastKnownFileType = sourcecode.swift; path = Post.swift; sourceTree = "<group>"; };
		CD3BFDA82B7281B300ECC8B2 /* FeedViewModel.swift */ = {isa = PBXFileReference; lastKnownFileType = sourcecode.swift; path = FeedViewModel.swift; sourceTree = "<group>"; };
		CD3BFDAA2B72867700ECC8B2 /* CustomVideoPlayer.swift */ = {isa = PBXFileReference; lastKnownFileType = sourcecode.swift; path = CustomVideoPlayer.swift; sourceTree = "<group>"; };
/* End PBXFileReference section */

/* Begin PBXFrameworksBuildPhase section */
		CD196A222B6E7AD00071AD72 /* Frameworks */ = {
			isa = PBXFrameworksBuildPhase;
			buildActionMask = 2147483647;
			files = (
			);
			runOnlyForDeploymentPostprocessing = 0;
		};
/* End PBXFrameworksBuildPhase section */

/* Begin PBXGroup section */
		CD196A1C2B6E7AD00071AD72 = {
			isa = PBXGroup;
			children = (
				CD196A272B6E7AD00071AD72 /* TiktokReplica */,
				CD196A262B6E7AD00071AD72 /* Products */,
			);
			sourceTree = "<group>";
		};
		CD196A262B6E7AD00071AD72 /* Products */ = {
			isa = PBXGroup;
			children = (
				CD196A252B6E7AD00071AD72 /* TiktokReplica.app */,
			);
			name = Products;
			sourceTree = "<group>";
		};
		CD196A272B6E7AD00071AD72 /* TiktokReplica */ = {
			isa = PBXGroup;
			children = (
				CD196A362B6E7B760071AD72 /* App */,
				CD196A372B6E7B900071AD72 /* Core */,
				CD196A382B6E7B9A0071AD72 /* Extensions */,
				CD196A3A2B6E7BA50071AD72 /* Model */,
				CD196A3B2B6E7BA90071AD72 /* Services */,
				CD196A392B6E7BA00071AD72 /* Utils */,
				CD196A2C2B6E7AD10071AD72 /* Assets.xcassets */,
				CD196A2E2B6E7AD10071AD72 /* Preview Content */,
			);
			path = TiktokReplica;
			sourceTree = "<group>";
		};
		CD196A2E2B6E7AD10071AD72 /* Preview Content */ = {
			isa = PBXGroup;
			children = (
				CD196A2F2B6E7AD10071AD72 /* Preview Assets.xcassets */,
			);
			path = "Preview Content";
			sourceTree = "<group>";
		};
		CD196A362B6E7B760071AD72 /* App */ = {
			isa = PBXGroup;
			children = (
				CD196A282B6E7AD00071AD72 /* TiktokReplicaApp.swift */,
			);
			path = App;
			sourceTree = "<group>";
		};
		CD196A372B6E7B900071AD72 /* Core */ = {
			isa = PBXGroup;
			children = (
				CD196A4B2B6E7C0A0071AD72 /* Auth */,
				CD196A4A2B6E7C010071AD72 /* Comments */,
				CD196A492B6E7BFF0071AD72 /* Components */,
				CD196A482B6E7BFF0071AD72 /* Feed */,
				CD196A472B6E7BFD0071AD72 /* Notifications */,
				CD196A462B6E7BFC0071AD72 /* Profile */,
				CD196A452B6E7BFB0071AD72 /* Root */,
				CD196A442B6E7BFA0071AD72 /* Search */,
				CD196A432B6E7BF90071AD72 /* TabBar */,
				CD196A422B6E7BF80071AD72 /* UploadMedia */,
			);
			path = Core;
			sourceTree = "<group>";
		};
		CD196A382B6E7B9A0071AD72 /* Extensions */ = {
			isa = PBXGroup;
			children = (
			);
			path = Extensions;
			sourceTree = "<group>";
		};
		CD196A392B6E7BA00071AD72 /* Utils */ = {
			isa = PBXGroup;
			children = (
			);
			path = Utils;
			sourceTree = "<group>";
		};
		CD196A3A2B6E7BA50071AD72 /* Model */ = {
			isa = PBXGroup;
			children = (
				CD3BFDA32B72814200ECC8B2 /* Post.swift */,
			);
			path = Model;
			sourceTree = "<group>";
		};
		CD196A3B2B6E7BA90071AD72 /* Services */ = {
			isa = PBXGroup;
			children = (
			);
			path = Services;
			sourceTree = "<group>";
		};
		CD196A422B6E7BF80071AD72 /* UploadMedia */ = {
			isa = PBXGroup;
			children = (
			);
			path = UploadMedia;
			sourceTree = "<group>";
		};
		CD196A432B6E7BF90071AD72 /* TabBar */ = {
			isa = PBXGroup;
			children = (
				CD196A4C2B6E7CB00071AD72 /* MainTabView.swift */,
			);
			path = TabBar;
			sourceTree = "<group>";
		};
		CD196A442B6E7BFA0071AD72 /* Search */ = {
			isa = PBXGroup;
			children = (
				CD196A532B6E87930071AD72 /* ExploreView.swift */,
				CD196A552B6E87A70071AD72 /* UserCell.swift */,
			);
			path = Search;
			sourceTree = "<group>";
		};
		CD196A452B6E7BFB0071AD72 /* Root */ = {
			isa = PBXGroup;
			children = (
				CD196A2A2B6E7AD00071AD72 /* ContentView.swift */,
			);
			path = Root;
			sourceTree = "<group>";
		};
		CD196A462B6E7BFC0071AD72 /* Profile */ = {
			isa = PBXGroup;
			children = (
				CD3BFD9E2B72792C00ECC8B2 /* View */,
				CD3BFD9D2B72792300ECC8B2 /* Components */,
			);
			path = Profile;
			sourceTree = "<group>";
		};
		CD196A472B6E7BFD0071AD72 /* Notifications */ = {
			isa = PBXGroup;
			children = (
				CD196A572B6E94390071AD72 /* NotificationsView.swift */,
				CD196A592B6E94410071AD72 /* NotificationCell.swift */,
			);
			path = Notifications;
			sourceTree = "<group>";
		};
		CD196A482B6E7BFF0071AD72 /* Feed */ = {
			isa = PBXGroup;
			children = (
				CD3BFDA72B72819000ECC8B2 /* ViewModel */,
				CD3BFDA62B72818B00ECC8B2 /* View */,
				CD3BFDA52B72818300ECC8B2 /* Service */,
			);
			path = Feed;
			sourceTree = "<group>";
		};
		CD196A492B6E7BFF0071AD72 /* Components */ = {
			isa = PBXGroup;
			children = (
				CD3BFDAA2B72867700ECC8B2 /* CustomVideoPlayer.swift */,
			);
			path = Components;
			sourceTree = "<group>";
		};
		CD196A4A2B6E7C010071AD72 /* Comments */ = {
			isa = PBXGroup;
			children = (
			);
			path = Comments;
			sourceTree = "<group>";
		};
		CD196A4B2B6E7C0A0071AD72 /* Auth */ = {
			isa = PBXGroup;
			children = (
			);
			path = Auth;
			sourceTree = "<group>";
		};
		CD3BFD9D2B72792300ECC8B2 /* Components */ = {
			isa = PBXGroup;
			children = (
				CD3BFD9F2B72794300ECC8B2 /* UserStatView.swift */,
			);
			path = Components;
			sourceTree = "<group>";
		};
		CD3BFD9E2B72792C00ECC8B2 /* View */ = {
			isa = PBXGroup;
			children = (
				CD3BFD992B72760100ECC8B2 /* CurrentUserProfileView.swift */,
				CD3BFD9B2B72766F00ECC8B2 /* ProfileHeaderView.swift */,
				CD3BFDA12B727B4300ECC8B2 /* PostGridView.swift */,
			);
			path = View;
			sourceTree = "<group>";
		};
		CD3BFDA52B72818300ECC8B2 /* Service */ = {
			isa = PBXGroup;
			children = (
			);
			path = Service;
			sourceTree = "<group>";
		};
		CD3BFDA62B72818B00ECC8B2 /* View */ = {
			isa = PBXGroup;
			children = (
				CD196A4F2B6E81770071AD72 /* FeedView.swift */,
				CD196A512B6E82C00071AD72 /* FeedCell.swift */,
			);
			path = View;
			sourceTree = "<group>";
		};
		CD3BFDA72B72819000ECC8B2 /* ViewModel */ = {
			isa = PBXGroup;
			children = (
				CD3BFDA82B7281B300ECC8B2 /* FeedViewModel.swift */,
			);
			path = ViewModel;
			sourceTree = "<group>";
		};
/* End PBXGroup section */

/* Begin PBXNativeTarget section */
		CD196A242B6E7AD00071AD72 /* TiktokReplica */ = {
			isa = PBXNativeTarget;
			buildConfigurationList = CD196A332B6E7AD10071AD72 /* Build configuration list for PBXNativeTarget "TiktokReplica" */;
			buildPhases = (
				CD196A212B6E7AD00071AD72 /* Sources */,
				CD196A222B6E7AD00071AD72 /* Frameworks */,
				CD196A232B6E7AD00071AD72 /* Resources */,
			);
			buildRules = (
			);
			dependencies = (
			);
			name = TiktokReplica;
			productName = TiktokReplica;
			productReference = CD196A252B6E7AD00071AD72 /* TiktokReplica.app */;
			productType = "com.apple.product-type.application";
		};
/* End PBXNativeTarget section */

/* Begin PBXProject section */
		CD196A1D2B6E7AD00071AD72 /* Project object */ = {
			isa = PBXProject;
			attributes = {
				BuildIndependentTargetsInParallel = 1;
				LastSwiftUpdateCheck = 1510;
				LastUpgradeCheck = 1510;
				TargetAttributes = {
					CD196A242B6E7AD00071AD72 = {
						CreatedOnToolsVersion = 15.1;
					};
				};
			};
			buildConfigurationList = CD196A202B6E7AD00071AD72 /* Build configuration list for PBXProject "TiktokReplica" */;
			compatibilityVersion = "Xcode 14.0";
			developmentRegion = en;
			hasScannedForEncodings = 0;
			knownRegions = (
				en,
				Base,
			);
			mainGroup = CD196A1C2B6E7AD00071AD72;
			productRefGroup = CD196A262B6E7AD00071AD72 /* Products */;
			projectDirPath = "";
			projectRoot = "";
			targets = (
				CD196A242B6E7AD00071AD72 /* TiktokReplica */,
			);
		};
/* End PBXProject section */

/* Begin PBXResourcesBuildPhase section */
		CD196A232B6E7AD00071AD72 /* Resources */ = {
			isa = PBXResourcesBuildPhase;
			buildActionMask = 2147483647;
			files = (
				CD196A302B6E7AD10071AD72 /* Preview Assets.xcassets in Resources */,
				CD196A2D2B6E7AD10071AD72 /* Assets.xcassets in Resources */,
			);
			runOnlyForDeploymentPostprocessing = 0;
		};
/* End PBXResourcesBuildPhase section */

/* Begin PBXSourcesBuildPhase section */
		CD196A212B6E7AD00071AD72 /* Sources */ = {
			isa = PBXSourcesBuildPhase;
			buildActionMask = 2147483647;
			files = (
				CD196A502B6E81770071AD72 /* FeedView.swift in Sources */,
				CD3BFDAB2B72867700ECC8B2 /* CustomVideoPlayer.swift in Sources */,
				CD196A5A2B6E94410071AD72 /* NotificationCell.swift in Sources */,
				CD3BFD9C2B72766F00ECC8B2 /* ProfileHeaderView.swift in Sources */,
				CD196A522B6E82C00071AD72 /* FeedCell.swift in Sources */,
				CD196A2B2B6E7AD00071AD72 /* ContentView.swift in Sources */,
				CD3BFDA92B7281B300ECC8B2 /* FeedViewModel.swift in Sources */,
				CD3BFDA42B72814200ECC8B2 /* Post.swift in Sources */,
				CD196A292B6E7AD00071AD72 /* TiktokReplicaApp.swift in Sources */,
				CD3BFDA22B727B4300ECC8B2 /* PostGridView.swift in Sources */,
				CD196A542B6E87930071AD72 /* ExploreView.swift in Sources */,
				CD196A4D2B6E7CB00071AD72 /* MainTabView.swift in Sources */,
				CD3BFD9A2B72760100ECC8B2 /* CurrentUserProfileView.swift in Sources */,
				CD196A562B6E87A70071AD72 /* UserCell.swift in Sources */,
				CD196A582B6E94390071AD72 /* NotificationsView.swift in Sources */,
				CD3BFDA02B72794300ECC8B2 /* UserStatView.swift in Sources */,
			);
			runOnlyForDeploymentPostprocessing = 0;
		};
/* End PBXSourcesBuildPhase section */

/* Begin XCBuildConfiguration section */
		CD196A312B6E7AD10071AD72 /* Debug */ = {
			isa = XCBuildConfiguration;
			buildSettings = {
				ALWAYS_SEARCH_USER_PATHS = NO;
				ASSETCATALOG_COMPILER_GENERATE_SWIFT_ASSET_SYMBOL_EXTENSIONS = YES;
				CLANG_ANALYZER_NONNULL = YES;
				CLANG_ANALYZER_NUMBER_OBJECT_CONVERSION = YES_AGGRESSIVE;
				CLANG_CXX_LANGUAGE_STANDARD = "gnu++20";
				CLANG_ENABLE_MODULES = YES;
				CLANG_ENABLE_OBJC_ARC = YES;
				CLANG_ENABLE_OBJC_WEAK = YES;
				CLANG_WARN_BLOCK_CAPTURE_AUTORELEASING = YES;
				CLANG_WARN_BOOL_CONVERSION = YES;
				CLANG_WARN_COMMA = YES;
				CLANG_WARN_CONSTANT_CONVERSION = YES;
				CLANG_WARN_DEPRECATED_OBJC_IMPLEMENTATIONS = YES;
				CLANG_WARN_DIRECT_OBJC_ISA_USAGE = YES_ERROR;
				CLANG_WARN_DOCUMENTATION_COMMENTS = YES;
				CLANG_WARN_EMPTY_BODY = YES;
				CLANG_WARN_ENUM_CONVERSION = YES;
				CLANG_WARN_INFINITE_RECURSION = YES;
				CLANG_WARN_INT_CONVERSION = YES;
				CLANG_WARN_NON_LITERAL_NULL_CONVERSION = YES;
				CLANG_WARN_OBJC_IMPLICIT_RETAIN_SELF = YES;
				CLANG_WARN_OBJC_LITERAL_CONVERSION = YES;
				CLANG_WARN_OBJC_ROOT_CLASS = YES_ERROR;
				CLANG_WARN_QUOTED_INCLUDE_IN_FRAMEWORK_HEADER = YES;
				CLANG_WARN_RANGE_LOOP_ANALYSIS = YES;
				CLANG_WARN_STRICT_PROTOTYPES = YES;
				CLANG_WARN_SUSPICIOUS_MOVE = YES;
				CLANG_WARN_UNGUARDED_AVAILABILITY = YES_AGGRESSIVE;
				CLANG_WARN_UNREACHABLE_CODE = YES;
				CLANG_WARN__DUPLICATE_METHOD_MATCH = YES;
				COPY_PHASE_STRIP = NO;
				DEBUG_INFORMATION_FORMAT = dwarf;
				ENABLE_STRICT_OBJC_MSGSEND = YES;
				ENABLE_TESTABILITY = YES;
				ENABLE_USER_SCRIPT_SANDBOXING = YES;
				GCC_C_LANGUAGE_STANDARD = gnu17;
				GCC_DYNAMIC_NO_PIC = NO;
				GCC_NO_COMMON_BLOCKS = YES;
				GCC_OPTIMIZATION_LEVEL = 0;
				GCC_PREPROCESSOR_DEFINITIONS = (
					"DEBUG=1",
					"$(inherited)",
				);
				GCC_WARN_64_TO_32_BIT_CONVERSION = YES;
				GCC_WARN_ABOUT_RETURN_TYPE = YES_ERROR;
				GCC_WARN_UNDECLARED_SELECTOR = YES;
				GCC_WARN_UNINITIALIZED_AUTOS = YES_AGGRESSIVE;
				GCC_WARN_UNUSED_FUNCTION = YES;
				GCC_WARN_UNUSED_VARIABLE = YES;
				IPHONEOS_DEPLOYMENT_TARGET = 17.2;
				LOCALIZATION_PREFERS_STRING_CATALOGS = YES;
				MTL_ENABLE_DEBUG_INFO = INCLUDE_SOURCE;
				MTL_FAST_MATH = YES;
				ONLY_ACTIVE_ARCH = YES;
				SDKROOT = iphoneos;
				SWIFT_ACTIVE_COMPILATION_CONDITIONS = "DEBUG $(inherited)";
				SWIFT_OPTIMIZATION_LEVEL = "-Onone";
			};
			name = Debug;
		};
		CD196A322B6E7AD10071AD72 /* Release */ = {
			isa = XCBuildConfiguration;
			buildSettings = {
				ALWAYS_SEARCH_USER_PATHS = NO;
				ASSETCATALOG_COMPILER_GENERATE_SWIFT_ASSET_SYMBOL_EXTENSIONS = YES;
				CLANG_ANALYZER_NONNULL = YES;
				CLANG_ANALYZER_NUMBER_OBJECT_CONVERSION = YES_AGGRESSIVE;
				CLANG_CXX_LANGUAGE_STANDARD = "gnu++20";
				CLANG_ENABLE_MODULES = YES;
				CLANG_ENABLE_OBJC_ARC = YES;
				CLANG_ENABLE_OBJC_WEAK = YES;
				CLANG_WARN_BLOCK_CAPTURE_AUTORELEASING = YES;
				CLANG_WARN_BOOL_CONVERSION = YES;
				CLANG_WARN_COMMA = YES;
				CLANG_WARN_CONSTANT_CONVERSION = YES;
				CLANG_WARN_DEPRECATED_OBJC_IMPLEMENTATIONS = YES;
				CLANG_WARN_DIRECT_OBJC_ISA_USAGE = YES_ERROR;
				CLANG_WARN_DOCUMENTATION_COMMENTS = YES;
				CLANG_WARN_EMPTY_BODY = YES;
				CLANG_WARN_ENUM_CONVERSION = YES;
				CLANG_WARN_INFINITE_RECURSION = YES;
				CLANG_WARN_INT_CONVERSION = YES;
				CLANG_WARN_NON_LITERAL_NULL_CONVERSION = YES;
				CLANG_WARN_OBJC_IMPLICIT_RETAIN_SELF = YES;
				CLANG_WARN_OBJC_LITERAL_CONVERSION = YES;
				CLANG_WARN_OBJC_ROOT_CLASS = YES_ERROR;
				CLANG_WARN_QUOTED_INCLUDE_IN_FRAMEWORK_HEADER = YES;
				CLANG_WARN_RANGE_LOOP_ANALYSIS = YES;
				CLANG_WARN_STRICT_PROTOTYPES = YES;
				CLANG_WARN_SUSPICIOUS_MOVE = YES;
				CLANG_WARN_UNGUARDED_AVAILABILITY = YES_AGGRESSIVE;
				CLANG_WARN_UNREACHABLE_CODE = YES;
				CLANG_WARN__DUPLICATE_METHOD_MATCH = YES;
				COPY_PHASE_STRIP = NO;
				DEBUG_INFORMATION_FORMAT = "dwarf-with-dsym";
				ENABLE_NS_ASSERTIONS = NO;
				ENABLE_STRICT_OBJC_MSGSEND = YES;
				ENABLE_USER_SCRIPT_SANDBOXING = YES;
				GCC_C_LANGUAGE_STANDARD = gnu17;
				GCC_NO_COMMON_BLOCKS = YES;
				GCC_WARN_64_TO_32_BIT_CONVERSION = YES;
				GCC_WARN_ABOUT_RETURN_TYPE = YES_ERROR;
				GCC_WARN_UNDECLARED_SELECTOR = YES;
				GCC_WARN_UNINITIALIZED_AUTOS = YES_AGGRESSIVE;
				GCC_WARN_UNUSED_FUNCTION = YES;
				GCC_WARN_UNUSED_VARIABLE = YES;
				IPHONEOS_DEPLOYMENT_TARGET = 17.2;
				LOCALIZATION_PREFERS_STRING_CATALOGS = YES;
				MTL_ENABLE_DEBUG_INFO = NO;
				MTL_FAST_MATH = YES;
				SDKROOT = iphoneos;
				SWIFT_COMPILATION_MODE = wholemodule;
				VALIDATE_PRODUCT = YES;
			};
			name = Release;
		};
		CD196A342B6E7AD10071AD72 /* Debug */ = {
			isa = XCBuildConfiguration;
			buildSettings = {
				ASSETCATALOG_COMPILER_APPICON_NAME = AppIcon;
				ASSETCATALOG_COMPILER_GLOBAL_ACCENT_COLOR_NAME = AccentColor;
				CODE_SIGN_STYLE = Automatic;
				CURRENT_PROJECT_VERSION = 1;
				DEVELOPMENT_ASSET_PATHS = "\"TiktokReplica/Preview Content\"";
				DEVELOPMENT_TEAM = 92QM789X7L;
				ENABLE_PREVIEWS = YES;
				GENERATE_INFOPLIST_FILE = YES;
				INFOPLIST_KEY_UIApplicationSceneManifest_Generation = YES;
				INFOPLIST_KEY_UIApplicationSupportsIndirectInputEvents = YES;
				INFOPLIST_KEY_UILaunchScreen_Generation = YES;
				INFOPLIST_KEY_UISupportedInterfaceOrientations_iPad = "UIInterfaceOrientationPortrait UIInterfaceOrientationPortraitUpsideDown UIInterfaceOrientationLandscapeLeft UIInterfaceOrientationLandscapeRight";
				INFOPLIST_KEY_UISupportedInterfaceOrientations_iPhone = "UIInterfaceOrientationPortrait UIInterfaceOrientationLandscapeLeft UIInterfaceOrientationLandscapeRight";
				LD_RUNPATH_SEARCH_PATHS = (
					"$(inherited)",
					"@executable_path/Frameworks",
				);
				MARKETING_VERSION = 1.0;
				PRODUCT_BUNDLE_IDENTIFIER = personal.TiktokReplica;
				PRODUCT_NAME = "$(TARGET_NAME)";
				SWIFT_EMIT_LOC_STRINGS = YES;
				SWIFT_VERSION = 5.0;
				TARGETED_DEVICE_FAMILY = "1,2";
			};
			name = Debug;
		};
		CD196A352B6E7AD10071AD72 /* Release */ = {
			isa = XCBuildConfiguration;
			buildSettings = {
				ASSETCATALOG_COMPILER_APPICON_NAME = AppIcon;
				ASSETCATALOG_COMPILER_GLOBAL_ACCENT_COLOR_NAME = AccentColor;
				CODE_SIGN_STYLE = Automatic;
				CURRENT_PROJECT_VERSION = 1;
				DEVELOPMENT_ASSET_PATHS = "\"TiktokReplica/Preview Content\"";
				DEVELOPMENT_TEAM = 92QM789X7L;
				ENABLE_PREVIEWS = YES;
				GENERATE_INFOPLIST_FILE = YES;
				INFOPLIST_KEY_UIApplicationSceneManifest_Generation = YES;
				INFOPLIST_KEY_UIApplicationSupportsIndirectInputEvents = YES;
				INFOPLIST_KEY_UILaunchScreen_Generation = YES;
				INFOPLIST_KEY_UISupportedInterfaceOrientations_iPad = "UIInterfaceOrientationPortrait UIInterfaceOrientationPortraitUpsideDown UIInterfaceOrientationLandscapeLeft UIInterfaceOrientationLandscapeRight";
				INFOPLIST_KEY_UISupportedInterfaceOrientations_iPhone = "UIInterfaceOrientationPortrait UIInterfaceOrientationLandscapeLeft UIInterfaceOrientationLandscapeRight";
				LD_RUNPATH_SEARCH_PATHS = (
					"$(inherited)",
					"@executable_path/Frameworks",
				);
				MARKETING_VERSION = 1.0;
				PRODUCT_BUNDLE_IDENTIFIER = personal.TiktokReplica;
				PRODUCT_NAME = "$(TARGET_NAME)";
				SWIFT_EMIT_LOC_STRINGS = YES;
				SWIFT_VERSION = 5.0;
				TARGETED_DEVICE_FAMILY = "1,2";
			};
			name = Release;
		};
/* End XCBuildConfiguration section */

/* Begin XCConfigurationList section */
		CD196A202B6E7AD00071AD72 /* Build configuration list for PBXProject "TiktokReplica" */ = {
			isa = XCConfigurationList;
			buildConfigurations = (
				CD196A312B6E7AD10071AD72 /* Debug */,
				CD196A322B6E7AD10071AD72 /* Release */,
			);
			defaultConfigurationIsVisible = 0;
			defaultConfigurationName = Release;
		};
		CD196A332B6E7AD10071AD72 /* Build configuration list for PBXNativeTarget "TiktokReplica" */ = {
			isa = XCConfigurationList;
			buildConfigurations = (
				CD196A342B6E7AD10071AD72 /* Debug */,
				CD196A352B6E7AD10071AD72 /* Release */,
			);
			defaultConfigurationIsVisible = 0;
			defaultConfigurationName = Release;
		};
/* End XCConfigurationList section */
	};
	rootObject = CD196A1D2B6E7AD00071AD72 /* Project object */;
}
